#MicroXplorer Configuration settings - do not modify
PH0-OSC_IN.Locked=true
Dma.USART2_RX.5.RequestParameters=Instance,Direction,PeriphInc,MemInc,PeriphDataAlignment,MemDataAlignment,Mode,Priority,FIFOMode
NVIC.CAN1_RX1_IRQn=true\:1\:0\:true\:false\:true\:true\:true
PC7.GPIOParameters=GPIO_Label
RCC.USART1Freq_Value=72000000
PH0-OSC_IN.Signal=RCC_OSC_IN
USART2.IPParameters=VirtualMode
RCC.TIM17Freq_Value=72000000
PC10.GPIO_PuPd=GPIO_PULLUP
FATFS._USE_LFN=2
PE11.GPIOParameters=GPIO_Label
PG2.GPIO_PuPd=GPIO_PULLUP
FATFS0.BSP.api=Unknown
SPI2.VirtualType=VM_MASTER
PB10.Mode=Full_Duplex_Master
VP_FATFS_VS_SDIO.Mode=SDIO
PG4.Signal=GPIO_Output
SH.GPXTI14.0=GPIO_EXTI14
PG8.Signal=GPIO_Output
PG4.Locked=true
PG8.Locked=true
RCC.PLLCLKFreq_Value=120000000
PC12.Signal=SDIO_CK
PB14.GPIO_Label=LD3 [Red]
PG6.GPIO_Label=USB_PowerSW
PA14.GPIO_Label=TCK
Dma.SDIO_RX.1.Direction=DMA_PERIPH_TO_MEMORY
PD8.Locked=true
PC6.GPIO_Label=ENCODER_A
RCC.RTCFreq_Value=32000
PA3.GPIOParameters=GPIO_Label
Dma.SDIO_RX.1.Priority=DMA_PRIORITY_LOW
PA6.GPIO_Label=CDS3
PD2.GPIOParameters=GPIO_PuPd
PG14.GPIOParameters=GPIO_Label
PG2.GPIOParameters=GPIO_PuPd,GPIO_Label
PinOutPanel.RotationAngle=0
Dma.SPI2_TX.4.PeriphDataAlignment=DMA_PDATAALIGN_BYTE
RCC.MCO1PinFreq_Value=16000000
RCC.SYSCLKSource=RCC_SYSCLKSOURCE_PLLCLK
Dma.SDIO_RX.1.Instance=DMA2_Stream3
SH.GPXTI13.0=GPIO_EXTI13
Dma.SPI2_TX.4.PeriphInc=DMA_PINC_DISABLE
NVIC.SVCall_IRQn=true\:1\:0\:true\:false\:true\:true\:false
Dma.USART2_TX.6.Direction=DMA_MEMORY_TO_PERIPH
Dma.SDIO_TX.2.MemDataAlignment=DMA_MDATAALIGN_WORD
VP_FATFS_VS_SDIO.Signal=FATFS_VS_SDIO
NVIC.CAN1_TX_IRQn=true\:1\:0\:true\:false\:true\:true\:true
RCC.APB2TimFreq_Value=120000000
Dma.SDIO_RX.1.FIFOMode=DMA_FIFOMODE_ENABLE
SDIO.IPParameters=ClockDiv
Dma.ADC1.0.Direction=DMA_PERIPH_TO_MEMORY
ADC1.Channel-2\#ChannelRegularConversion=ADC_CHANNEL_5
PC7.Signal=S_TIM8_CH2
PC3.Signal=SPI2_MOSI
PD8.Signal=USART3_TX
PE10.Locked=true
Dma.ADC1.0.MemDataAlignment=DMA_MDATAALIGN_WORD
FATFS._LFN_UNICODE=1
FATFS0.BSP.ip=GPIO
PE14.Locked=true
RCC.USART3Freq_Value=36000000
NVIC.EXTI15_10_IRQn=true\:0\:0\:true\:false\:true\:true\:true
ProjectManager.ProjectBuild=false
NVIC.UsageFault_IRQn=true\:1\:0\:true\:false\:true\:true\:false
PA8.Locked=true
FATFS0.BSP.i2caddr=0
PA4.Locked=true
SH.GPXTI12.0=GPIO_EXTI12
ProjectManager.FirmwarePackage=STM32Cube FW_F2 V1.9.2
MxDb.Version=DB.6.0.21
PB0.GPIOParameters=GPIO_Speed,GPIO_Label
ProjectManager.BackupPrevious=false
PE9.Signal=GPIO_Output
PG12.GPIOParameters=GPIO_Label
USB_DEVICE.MANUFACTURER_STRING-CDC_FS=Stryx.Inc
PE9.Locked=true
Dma.ADC1.0.PeriphInc=DMA_PINC_DISABLE
PG4.GPIO_Label=SIG_SHUTTER
PC9.Mode=SD_4_bits_Wide_bus
PF13.Locked=true
SPI2.CalculateBaudRate=15.0 MBits/s
PH1-OSC_OUT.Locked=true
PA8.Signal=USB_OTG_FS_SOF
SH.ADCx_IN4.ConfNb=1
SH.GPXTI11.ConfNb=1
NVIC.PendSV_IRQn=true\:1\:0\:true\:false\:true\:true\:false
PE10.Signal=GPXTI10
ProjectManager.HalAssertFull=false
SH.S_TIM8_CH1.ConfNb=1
ADC1.SamplingTime-0\#ChannelRegularConversion=ADC_SAMPLETIME_3CYCLES
RCC.TIM1Freq_Value=72000000
RCC.PLLMCOFreq_Value=72000000
RCC.MCO2PinFreq_Value=120000000
PC8.GPIOParameters=GPIO_PuPd
CAN1.Prescaler=3
Mcu.Package=LQFP144
PB9.Signal=CAN1_TX
RCC.TIM15Freq_Value=72000000
PA5.Locked=true
Dma.USART2_TX.6.PeriphDataAlignment=DMA_PDATAALIGN_BYTE
SPI2.Mode=SPI_MODE_MASTER
SH.GPXTI11.0=GPIO_EXTI11
PG5.GPIOParameters=GPIO_Label
Dma.USART2_RX.5.PeriphDataAlignment=DMA_PDATAALIGN_BYTE
RCC.ADC34outputFreq_Value=72000000
PE10.GPIOParameters=GPIO_Label
FATFS0.BSP.solution=PG2
PA14.Locked=true
VP_SYS_VS_Systick.Signal=SYS_VS_Systick
USART3.IPParameters=VirtualMode
PA10.Signal=USB_OTG_FS_ID
PE12.GPIO_Label=STROBE2
PA5.GPIOParameters=GPIO_Label
PC11.Mode=SD_4_bits_Wide_bus
PB14.GPIOParameters=GPIO_Speed,GPIO_Label
SH.GPXTI14.ConfNb=1
Dma.USART2_TX.6.RequestParameters=Instance,Direction,PeriphInc,MemInc,PeriphDataAlignment,MemDataAlignment,Mode,Priority,FIFOMode
RCC.APB2CLKDivider=RCC_HCLK_DIV2
RCC.APB1TimFreq_Value=60000000
NVIC.BusFault_IRQn=true\:1\:0\:true\:false\:true\:true\:false
Dma.ADC1.0.FIFOMode=DMA_FIFOMODE_DISABLE
USB_OTG_FS.IPParameters=VirtualMode
PC12.GPIO_PuPd=GPIO_NOPULL
PE10.GPIO_Label=STROBE0
NVIC.DMA1_Stream6_IRQn=true\:1\:0\:true\:false\:true\:false\:true
PD5.Locked=true
CAN1.CalculateTimeBit=1000.00
PA4.GPIO_Label=CDS1
Dma.SDIO_TX.2.FIFOThreshold=DMA_FIFO_THRESHOLD_FULL
ProjectManager.CustomerFirmwarePackage=
CAN1.CalculateTimeQuantum=100.0
PG12.Signal=GPIO_Output
PA6.GPIOParameters=GPIO_Label
SH.GPXTI10.0=GPIO_EXTI10
Dma.USART2_TX.6.MemInc=DMA_MINC_ENABLE
Dma.SDIO_TX.2.MemInc=DMA_MINC_ENABLE
FATFS0.BSP.STBoard=false
ProjectManager.ProjectFileName=ArgosV2_SI.ioc
Dma.ADC1.0.Instance=DMA2_Stream0
RCC.ADC12outputFreq_Value=72000000
ADC1.Rank-0\#ChannelRegularConversion=1
PD9.GPIO_Label=STLK_TX [STM32F103CBT6_PA2]
Mcu.PinsNb=57
Dma.SPI2_TX.4.Direction=DMA_MEMORY_TO_PERIPH
PD2.GPIO_PuPd=GPIO_PULLUP
SH.ADCx_IN6.0=ADC1_IN6,IN6
ADC1.IPParameters=Rank-0\#ChannelRegularConversion,master,Channel-0\#ChannelRegularConversion,SamplingTime-0\#ChannelRegularConversion,NbrOfConversionFlag,Resolution,Rank-1\#ChannelRegularConversion,Channel-1\#ChannelRegularConversion,SamplingTime-1\#ChannelRegularConversion,Rank-2\#ChannelRegularConversion,Channel-2\#ChannelRegularConversion,SamplingTime-2\#ChannelRegularConversion,Rank-3\#ChannelRegularConversion,Channel-3\#ChannelRegularConversion,SamplingTime-3\#ChannelRegularConversion,NbrOfConversion
PG5.Locked=true
PG9.Locked=true
Dma.SPI2_TX.4.Priority=DMA_PRIORITY_LOW
PG5.Signal=GPIO_Output
PG9.Signal=GPIO_Output
PA9.GPIO_Label=USB_VBUS
CAN1.IPParameters=CalculateTimeQuantum,BS1,Prescaler,CalculateTimeBit,CalculateBaudRate
FATFS0.BSP.mode=Input
CAN1.CalculateBaudRate=1000000
PC6.Signal=S_TIM8_CH1
PC2.Signal=SPI2_MISO
PA11.GPIO_Label=USB_DM
PB14.Locked=true
RCC.APB1CLKDivider=RCC_HCLK_DIV4
PC14-OSC32_IN.Signal=RCC_OSC32_IN
PC11.GPIOParameters=GPIO_PuPd
PD6.Mode=Asynchronous
PF13.GPIO_Label=PWRCHECK
PG14.Locked=true
SH.S_TIM8_CH2.0=TIM8_CH2,Encoder_Interface
PG10.Signal=GPIO_Output
PG10.Locked=true
RCC.WatchDogFreq_Value=32000
PA11.Locked=true
PA8.GPIO_Label=USB_SOF [TP1]
PC15-OSC32_OUT.Locked=true
PB14.GPIO_Speed=GPIO_SPEED_FREQ_VERY_HIGH
USB_DEVICE.PRODUCT_STRING_CDC_FS=WebMMS_Main
Mcu.Pin51=PB8
Mcu.Pin52=PB9
Mcu.Pin50=PB7
Mcu.Pin55=VP_TIM3_VS_ClockSourceINT
USB_DEVICE.APP_TX_DATA_SIZE-CDC_FS=200
Mcu.Pin56=VP_USB_DEVICE_VS_USB_DEVICE_CDC_FS
Mcu.Pin53=VP_FATFS_VS_SDIO
Mcu.Pin54=VP_SYS_VS_Systick
Dma.ADC1.0.Priority=DMA_PRIORITY_LOW
PA9.Signal=USB_OTG_FS_VBUS
PB9.Locked=true
Dma.SDIO_TX.2.PeriphDataAlignment=DMA_PDATAALIGN_WORD
SDIO.ClockDiv=1
NVIC.DMA2_Stream6_IRQn=true\:1\:0\:true\:false\:true\:false\:true
PE9.GPIO_Label=STROBE_DRV
PD8.Mode=Asynchronous
Mcu.Pin48=PG14
Mcu.Pin49=PB3
Mcu.Pin46=PG10
Mcu.Pin47=PG12
PB10.Signal=SPI2_SCK
Dma.SDIO_RX.1.FIFOThreshold=DMA_FIFO_THRESHOLD_FULL
PG6.GPIOParameters=GPIO_Label
PB14.Signal=GPIO_Output
FATFS.BSP.number=1
PA5.Signal=ADCx_IN5
Mcu.Pin40=PC11
Mcu.Pin41=PC12
PE13.GPIOParameters=GPIO_Label
SH.S_TIM8_CH1.0=TIM8_CH1,Encoder_Interface
PC12.Mode=SD_4_bits_Wide_bus
Mcu.Pin44=PD6
Mcu.Pin45=PG9
Mcu.Pin42=PD2
TIM8.AutoReloadPreload=TIM_AUTORELOAD_PRELOAD_ENABLE
Mcu.Pin43=PD5
Dma.SDIO_RX.1.MemBurst=DMA_MBURST_INC4
ProjectManager.LastFirmware=true
NVIC.TIM3_IRQn=true\:1\:0\:true\:false\:true\:true\:true
PF13.GPIO_PuPd=GPIO_PULLDOWN
Dma.SPI2_TX.4.RequestParameters=Instance,Direction,PeriphInc,MemInc,PeriphDataAlignment,MemDataAlignment,Mode,Priority,FIFOMode
PE14.Signal=GPXTI14
Mcu.Pin37=PA13
Mcu.Pin38=PA14
RCC.PRESCALERUSB=RCC_USBCLKSOURCE_PLL_DIV1_5
Mcu.Pin35=PA11
RCC.I2C1Freq_Value=8000000
Mcu.Pin36=PA12
Dma.SPI2_TX.4.MemDataAlignment=DMA_MDATAALIGN_BYTE
PG7.GPIO_Label=USB_OverCurrent [STMPS2151STR_FAULT]
Mcu.Pin39=PC10
FATFS0.BSP.i2creg=
Mcu.Pin30=PC8
RCC.EthernetFreq_Value=120000000
PC9.GPIO_PuPd=GPIO_PULLUP
Mcu.Pin33=PA9
TIM3.IPParameters=Prescaler,Period
Mcu.Pin34=PA10
Mcu.Pin31=PC9
SH.ADCx_IN4.0=ADC1_IN4,IN4
Mcu.Pin32=PA8
PA9.Locked=true
NVIC.NonMaskableInt_IRQn=true\:0\:0\:false\:false\:true\:true\:false
PF13.Signal=GPIO_Input
PC10.GPIOParameters=GPIO_PuPd
PA13.Mode=Serial_Wire
PG14.GPIO_Label=CS3
ProjectManager.FreePins=false
PC9.GPIOParameters=GPIO_PuPd
Mcu.Pin26=PG7
Mcu.Pin27=PG8
RCC.RTCHSEDivFreq_Value=4000000
Mcu.Pin24=PG5
ProjectManager.UnderRoot=true
PE13.Locked=true
Mcu.Pin25=PG6
Dma.SDIO_TX.2.Priority=DMA_PRIORITY_LOW
Mcu.Pin28=PC6
PC7.GPIO_Label=ENCODER_B
Mcu.Pin29=PC7
PC8.Mode=SD_4_bits_Wide_bus
PC8.GPIO_PuPd=GPIO_PULLUP
PA4.Signal=ADCx_IN4
ADC1.SamplingTime-1\#ChannelRegularConversion=ADC_SAMPLETIME_3CYCLES
Mcu.Pin22=PG2
Mcu.Pin23=PG4
Mcu.Pin20=PD8
ADC1.master=1
Dma.USART2_TX.6.PeriphInc=DMA_PINC_DISABLE
PA3.Locked=true
PE13.GPIO_Label=STROBE3
Mcu.Pin21=PD9
PA10.Locked=true
PA5.GPIO_Label=CDS2
NVIC.ForceEnableDMAVector=true
PA14.GPIOParameters=GPIO_Label
NVIC.MemoryManagement_IRQn=true\:1\:0\:true\:false\:true\:true\:false
ProjectManager.CompilerOptimize=6
ADC1.Rank-1\#ChannelRegularConversion=2
PA11.Signal=USB_OTG_FS_DM
Dma.SDIO_TX.2.MemBurst=DMA_MBURST_INC4
ProjectManager.HeapSize=0x400
Mcu.Pin15=PE12
NVIC.HardFault_IRQn=true\:0\:0\:false\:false\:true\:true\:false
Dma.SDIO_RX.1.MemInc=DMA_MINC_ENABLE
Mcu.Pin16=PE13
Mcu.Pin13=PE10
Mcu.Pin14=PE11
Mcu.Pin19=PB14
ProjectManager.ComputerToolchain=false
Mcu.Pin17=PE14
Mcu.Pin18=PB10
RCC.TIM3Freq_Value=72000000
SH.ADCx_IN5.0=ADC1_IN5,IN5
NVIC.PriorityGroup=NVIC_PRIORITYGROUP_4
Mcu.Pin11=PF13
Dma.USART2_TX.6.Priority=DMA_PRIORITY_LOW
Mcu.Pin12=PE9
PB8.Mode=CAN_Activate
Mcu.Pin10=PB0
SH.GPXTI10.ConfNb=1
Dma.SDIO_TX.2.PeriphInc=DMA_PINC_DISABLE
PA8.Mode=Activate_SOF_FS
SH.ADCx_IN5.ConfNb=1
PE12.GPIOParameters=GPIO_Label
PD2.Signal=SDIO_CMD
RCC.I2C2Freq_Value=8000000
PB0.Signal=GPIO_Output
PG7.GPIOParameters=GPIO_Label
PG10.GPIO_Label=CS1
FATFS0.BSP.name=Detect_SDIO
NVIC.CAN1_RX0_IRQn=true\:1\:0\:true\:false\:true\:true\:true
Mcu.Family=STM32F2
Dma.SPI2_TX.4.MemInc=DMA_MINC_ENABLE
PC3.Mode=Full_Duplex_Master
ProjectManager.MainLocation=Core/Src
RCC.MCOFreq_Value=72000000
USB_DEVICE.CLASS_NAME_FS=CDC
RCC.CortexFreq_Value=120000000
Dma.SDIO_RX.1.PeriphDataAlignment=DMA_PDATAALIGN_WORD
PG6.Signal=GPIO_Output
PG9.GPIOParameters=GPIO_Label
ProjectManager.KeepUserCode=true
Mcu.UserName=STM32F207ZGTx
FATFS0.BSP.semaphore=
PD9.GPIOParameters=GPIO_Label
PG2.Signal=GPIO_Input
PE11.GPIO_Label=STROBE1
PG6.Locked=true
PC10.Signal=SDIO_D2
PG2.Locked=true
Dma.SDIO_RX.1.Mode=DMA_PFCTRL
RCC.SYSCLKSourceVirtual=RCC_SYSCLKSOURCE_PLLCLK
Dma.SDIO_RX.1.RequestParameters=Instance,Direction,PeriphInc,MemInc,PeriphDataAlignment,MemDataAlignment,Mode,Priority,FIFOMode,FIFOThreshold,MemBurst,PeriphBurst
PA12.GPIOParameters=GPIO_Label
ProjectManager.functionlistsort=1-MX_GPIO_Init-GPIO-false-HAL-true,2-MX_DMA_Init-DMA-false-HAL-true,3-SystemClock_Config-RCC-false-HAL-false,4-MX_USART3_UART_Init-USART3-false-HAL-true,5-MX_USB_DEVICE_Init-USB_DEVICE-false-HAL-false,6-MX_TIM3_Init-TIM3-false-LL-true,7-MX_ADC1_Init-ADC1-false-HAL-true,8-MX_SDIO_SD_Init-SDIO-false-HAL-true,9-MX_TIM8_Init-TIM8-false-HAL-true,10-MX_FATFS_Init-FATFS-false-HAL-false,11-MX_SPI2_Init-SPI2-false-HAL-true,12-MX_CAN1_Init-CAN1-false-HAL-true,13-MX_USART2_UART_Init-USART2-false-HAL-true
PA9.GPIOParameters=GPIO_Label
PA11.GPIOParameters=GPIO_Label
TIM8.EncoderMode=TIM_ENCODERMODE_TI1
PE9.GPIO_Speed=GPIO_SPEED_FREQ_VERY_HIGH
PA11.Mode=Device_Only
PH0-OSC_IN.GPIOParameters=GPIO_Label
PD6.Locked=true
PB0.GPIO_Label=LD1 [Green]
USB_DEVICE.VirtualMode-CDC_FS=Cdc
RCC.USART2Freq_Value=36000000
Dma.SPI2_TX.4.Mode=DMA_NORMAL
PG5.GPIO_Label=SIG_AUTOFOCUS
NVIC.DMA1_Stream4_IRQn=true\:1\:0\:true\:false\:true\:false\:true
PD9.Mode=Asynchronous
Dma.USART2_RX.5.Mode=DMA_NORMAL
ProjectManager.StackSize=0x400
Dma.SDIO_TX.2.Mode=DMA_PFCTRL
RCC.I2C3Freq_Value=8000000
Mcu.IP4=NVIC
Mcu.IP5=RCC
RCC.FCLKCortexFreq_Value=120000000
Mcu.IP2=DMA
Dma.USART2_RX.5.MemInc=DMA_MINC_ENABLE
NVIC.ADC_IRQn=true\:1\:0\:true\:false\:true\:true\:true
Mcu.IP3=FATFS
PC11.GPIO_PuPd=GPIO_PULLUP
Mcu.IP0=ADC1
PA12.Locked=true
Mcu.IP1=CAN1
PA12.Signal=USB_OTG_FS_DP
Mcu.UserConstants=
Dma.USART2_TX.6.MemDataAlignment=DMA_MDATAALIGN_BYTE
SH.GPXTI13.ConfNb=1
Mcu.ThirdPartyNb=0
ADC1.Channel-3\#ChannelRegularConversion=ADC_CHANNEL_6
RCC.HCLKFreq_Value=120000000
SH.ADCx_IN3.0=ADC1_IN3,IN3
Mcu.IPNb=15
ADC1.Resolution=ADC_RESOLUTION_10B
RCC.I2SClocksFreq_Value=118153846.15384614
ProjectManager.PreviousToolchain=
TIM3.Period=99
RCC.VcooutputI2S=118153846.15384614
PG8.GPIOParameters=GPIO_Label
SH.ADCx_IN3.ConfNb=1
PD8.GPIOParameters=GPIO_Label
PA8.GPIOParameters=GPIO_Label
Mcu.Pin6=PA3
Mcu.Pin7=PA4
NVIC.DMA2_Stream0_IRQn=true\:1\:0\:true\:false\:true\:false\:true
Mcu.Pin8=PA5
Mcu.Pin9=PA6
NVIC.CAN1_SCE_IRQn=true\:1\:0\:true\:false\:true\:true\:true
Dma.SPI2_RX.3.Priority=DMA_PRIORITY_LOW
RCC.AHBFreq_Value=120000000
PH0-OSC_IN.Mode=HSE-External-Clock-Source
RCC.TIM2Freq_Value=72000000
PH0-OSC_IN.GPIO_Label=MCO [STM32F103CBT6_PA8]
Mcu.Pin0=PC14-OSC32_IN
Dma.USART2_RX.5.MemDataAlignment=DMA_MDATAALIGN_BYTE
Mcu.Pin1=PC15-OSC32_OUT
PD5.Mode=Asynchronous
TIM8.IPParameters=EncoderMode,AutoReloadPreload
GPIO.groupedBy=Group By Peripherals
Mcu.Pin2=PH0-OSC_IN
Mcu.Pin3=PH1-OSC_OUT
Mcu.Pin4=PC2
Mcu.Pin5=PC3
ADC1.Channel-0\#ChannelRegularConversion=ADC_CHANNEL_3
RCC.HSE_VALUE=8000000
NVIC.DebugMonitor_IRQn=true\:0\:0\:true\:false\:true\:true\:false
Mcu.IP10=TIM8
NVIC.SysTick_IRQn=true\:1\:0\:true\:false\:true\:true\:true
Mcu.IP12=USART3
RCC.PLLMUL=RCC_PLL_MUL9
Mcu.IP11=USART2
ADC1.Rank-2\#ChannelRegularConversion=3
Mcu.IP14=USB_OTG_FS
Mcu.IP13=USB_DEVICE
PE13.Signal=GPXTI13
PC14-OSC32_IN.Mode=LSE-External-Oscillator
RCC.VCOInputFreq_Value=1230769.2307692308
PG4.GPIO_Speed=GPIO_SPEED_FREQ_VERY_HIGH
PA14.Mode=Serial_Wire
TIM3.Prescaler=5999
Dma.SPI2_RX.3.PeriphDataAlignment=DMA_PDATAALIGN_BYTE
File.Version=6
PA10.GPIO_Label=USB_ID
Dma.SDIO_TX.2.Direction=DMA_MEMORY_TO_PERIPH
PB3.GPIOParameters=GPIO_Label
PB7.Signal=GPIO_Output
PB8.Locked=true
NVIC.SPI2_IRQn=true\:1\:0\:true\:false\:true\:true\:true
SH.ADCx_IN6.ConfNb=1
Dma.RequestsNb=7
Dma.USART2_RX.5.Priority=DMA_PRIORITY_LOW
PB0.Locked=true
ProjectManager.ProjectName=ArgosV2_SI
PA13.GPIOParameters=GPIO_Label
USB_DEVICE.APP_RX_DATA_SIZE-CDC_FS=200
PH1-OSC_OUT.Mode=HSE-External-Clock-Source
PB7.GPIO_Label=LD2 [Blue]
PA6.Signal=ADCx_IN6
USART2.VirtualMode=VM_ASYNC
Dma.SDIO_TX.2.PeriphBurst=DMA_PBURST_INC4
NVIC.OTG_FS_IRQn=true\:1\:0\:true\:false\:true\:false\:true
ProjectManager.ToolChainLocation=
RCC.LSI_VALUE=32000
USB_OTG_FS.VirtualMode=Device_Only
VP_USB_DEVICE_VS_USB_DEVICE_CDC_FS.Signal=USB_DEVICE_VS_USB_DEVICE_CDC_FS
Dma.SDIO_RX.1.PeriphBurst=DMA_PBURST_INC4
RCC.TIM16Freq_Value=72000000
Dma.SPI2_RX.3.Mode=DMA_NORMAL
Dma.USART2_TX.6.Mode=DMA_NORMAL
Dma.SDIO_TX.2.RequestParameters=Instance,Direction,PeriphInc,MemInc,PeriphDataAlignment,MemDataAlignment,Mode,Priority,FIFOMode,FIFOThreshold,MemBurst,PeriphBurst
Dma.Request2=SDIO_TX
Dma.Request1=SDIO_RX
Dma.Request4=SPI2_TX
Dma.Request3=SPI2_RX
Dma.Request6=USART2_TX
Dma.SPI2_RX.3.PeriphInc=DMA_PINC_DISABLE
Dma.Request5=USART2_RX
SPI2.Direction=SPI_DIRECTION_2LINES
PD6.Signal=USART2_RX
Dma.Request0=ADC1
PE12.Locked=true
VP_TIM3_VS_ClockSourceINT.Mode=Internal
PC14-OSC32_IN.Locked=true
PB3.Locked=true
PG2.GPIO_Label=CardDetect
PA3.Signal=ADCx_IN3
PB7.GPIO_Speed=GPIO_SPEED_FREQ_VERY_HIGH
PB3.GPIO_Label=SWO
PC15-OSC32_OUT.Mode=LSE-External-Oscillator
PG7.Locked=true
PG7.Signal=GPIO_Input
PE14.GPIOParameters=GPIO_Label
ProjectManager.NoMain=false
USB_DEVICE.VirtualModeFS=Cdc_FS
Dma.USART2_RX.5.PeriphInc=DMA_PINC_DISABLE
PC11.Signal=SDIO_D3
PC8.Signal=SDIO_D0
PC10.Mode=SD_4_bits_Wide_bus
Dma.SPI2_RX.3.MemDataAlignment=DMA_MDATAALIGN_BYTE
ProjectManager.DefaultFWLocation=true
PC2.Mode=Full_Duplex_Master
PE14.GPIO_Label=STROBE_CHK
PD9.Signal=USART3_RX
PD5.Signal=USART2_TX
Dma.SDIO_TX.2.Instance=DMA2_Stream6
ProjectManager.DeletePrevious=true
boardIOC=true
USB_DEVICE.IPParameters=VirtualMode-CDC_FS,VirtualModeFS,CLASS_NAME_FS,APP_RX_DATA_SIZE-CDC_FS,APP_TX_DATA_SIZE-CDC_FS,PRODUCT_STRING_CDC_FS,MANUFACTURER_STRING-CDC_FS
NVIC.USART2_IRQn=true\:1\:0\:true\:false\:true\:true\:true
PA12.GPIO_Label=USB_DP
ADC1.SamplingTime-2\#ChannelRegularConversion=ADC_SAMPLETIME_3CYCLES
NVIC.SDIO_IRQn=true\:1\:0\:true\:false\:true\:true\:true
RCC.FamilyName=M
Dma.SDIO_RX.1.PeriphInc=DMA_PINC_DISABLE
PD8.GPIO_Label=STLK_RX [STM32F103CBT6_PA3]
PE9.GPIOParameters=GPIO_Speed,GPIO_Label
PB0.GPIO_Speed=GPIO_SPEED_FREQ_VERY_HIGH
FATFS0.BSP.instance=PG2
PG8.GPIO_Label=ENCODER_Z
PC12.GPIOParameters=GPIO_PuPd
FATFS.IPParameters=_CODE_PAGE,_USE_LFN,_LFN_UNICODE
PA13.Signal=SYS_JTMS-SWDIO
Dma.SPI2_RX.3.MemInc=DMA_MINC_ENABLE
Dma.USART2_TX.6.FIFOMode=DMA_FIFOMODE_DISABLE
Dma.ADC1.0.PeriphDataAlignment=DMA_PDATAALIGN_WORD
PA9.Mode=Activate_VBUS
Dma.SPI2_TX.4.Instance=DMA1_Stream4
CAN1.BS1=CAN_BS1_8TQ
ProjectManager.TargetToolchain=STM32CubeIDE
NVIC.DMA1_Stream5_IRQn=true\:1\:0\:true\:false\:true\:false\:true
FATFS0.BSP.condition=
Dma.ADC1.0.Mode=DMA_CIRCULAR
FATFS._CODE_PAGE=949
PB7.GPIOParameters=GPIO_Speed,GPIO_Label
VP_USB_DEVICE_VS_USB_DEVICE_CDC_FS.Mode=CDC_FS
PB9.Mode=CAN_Activate
ADC1.Channel-1\#ChannelRegularConversion=ADC_CHANNEL_4
SH.GPXTI12.ConfNb=1
SPI2.IPParameters=VirtualType,Mode,Direction,CalculateBaudRate
PG10.GPIOParameters=GPIO_Label
ProjectManager.RegisterCallBack=
RCC.USBFreq_Value=48000000
VP_TIM3_VS_ClockSourceINT.Signal=TIM3_VS_ClockSourceINT
NVIC.DMA2_Stream3_IRQn=true\:1\:0\:true\:false\:true\:false\:true
PE11.Signal=GPXTI11
PC15-OSC32_OUT.Signal=RCC_OSC32_OUT
Dma.SPI2_TX.4.FIFOMode=DMA_FIFOMODE_DISABLE
Dma.SDIO_RX.1.MemDataAlignment=DMA_MDATAALIGN_WORD
RCC.VCOI2SOutputFreq_Value=236307692.3076923
PD2.Mode=SD_4_bits_Wide_bus
PG9.GPIO_Label=CS0
PG14.Signal=GPIO_Output
board=NUCLEO-F207ZG
RCC.VCOOutputFreq_Value=240000000
Dma.SPI2_RX.3.Instance=DMA1_Stream3
RCC.VCOOutput2Freq_Value=8000000
Dma.ADC1.0.RequestParameters=Instance,Direction,PeriphInc,MemInc,PeriphDataAlignment,MemDataAlignment,Mode,Priority,FIFOMode
RCC.APB2Freq_Value=60000000
RCC.TIM8Freq_Value=72000000
RCC.UART4Freq_Value=36000000
MxCube.Version=6.2.1
PG4.GPIOParameters=GPIO_Speed,GPIO_Label
PA10.GPIOParameters=GPIO_Label
VP_SYS_VS_Systick.Mode=SysTick
PH1-OSC_OUT.Signal=RCC_OSC_OUT
Dma.USART2_TX.6.Instance=DMA1_Stream6
PA4.GPIOParameters=GPIO_Label
RCC.UART5Freq_Value=36000000
ADC1.NbrOfConversion=4
RCC.IPParameters=48MHZClocksFreq_Value,ADC12outputFreq_Value,ADC34outputFreq_Value,AHBFreq_Value,APB1CLKDivider,APB1Freq_Value,APB1TimFreq_Value,APB2CLKDivider,APB2Freq_Value,APB2TimFreq_Value,CortexFreq_Value,EthernetFreq_Value,FCLKCortexFreq_Value,FamilyName,HCLKFreq_Value,HSE_VALUE,HSI_VALUE,I2C1Freq_Value,I2C2Freq_Value,I2C3Freq_Value,I2SClocksFreq_Value,LSI_VALUE,MCO1PinFreq_Value,MCO2PinFreq_Value,MCOFreq_Value,PLLCLKFreq_Value,PLLM,PLLMCOFreq_Value,PLLMUL,PLLN,PLLQ,PRESCALERUSB,RTCFreq_Value,RTCHSEDivFreq_Value,SYSCLKFreq_VALUE,SYSCLKSource,SYSCLKSourceVirtual,TIM15Freq_Value,TIM16Freq_Value,TIM17Freq_Value,TIM1Freq_Value,TIM20Freq_Value,TIM2Freq_Value,TIM3Freq_Value,TIM8Freq_Value,UART4Freq_Value,UART5Freq_Value,USART1Freq_Value,USART2Freq_Value,USART3Freq_Value,USBFreq_Value,VCOI2SOutputFreq_Value,VCOInputFreq_Value,VCOOutput2Freq_Value,VCOOutputFreq_Value,VcooutputI2S,WatchDogFreq_Value
PE11.Locked=true
ProjectManager.AskForMigrate=true
Mcu.Name=STM32F207Z(C-E-F-G)Tx
PE12.Signal=GPXTI12
PA13.GPIO_Label=TMS
Mcu.IP8=SYS
Mcu.IP9=TIM3
Mcu.IP6=SDIO
Mcu.IP7=SPI2
ProjectManager.CoupleFile=false
RCC.48MHZClocksFreq_Value=48000000
PB3.Signal=SYS_JTDO-SWO
Dma.USART2_RX.5.FIFOMode=DMA_FIFOMODE_DISABLE
RCC.SYSCLKFreq_VALUE=120000000
PA12.Mode=Device_Only
ADC1.Rank-3\#ChannelRegularConversion=4
ADC1.SamplingTime-3\#ChannelRegularConversion=ADC_SAMPLETIME_3CYCLES
KeepUserPlacement=false
Dma.SPI2_RX.3.RequestParameters=Instance,Direction,PeriphInc,MemInc,PeriphDataAlignment,MemDataAlignment,Mode,Priority,FIFOMode
PG12.Locked=true
USART3.VirtualMode=VM_ASYNC
PA13.Locked=true
Dma.ADC1.0.MemInc=DMA_MINC_ENABLE
PA14.Signal=SYS_JTCK-SWCLK
Dma.USART2_RX.5.Instance=DMA1_Stream5
Dma.SDIO_TX.2.FIFOMode=DMA_FIFOMODE_ENABLE
PF13.GPIOParameters=GPIO_PuPd,GPIO_Label
PC6.GPIOParameters=GPIO_Label
PG12.GPIO_Label=CS2
RCC.TIM20Freq_Value=72000000
RCC.HSI_VALUE=16000000
RCC.PLLQ=5
ADC1.NbrOfConversionFlag=1
FATFS0.BSP.component=
RCC.PLLM=13
RCC.PLLN=195
PB7.Locked=true
PB8.Signal=CAN1_RX
NVIC.DMA1_Stream3_IRQn=true\:1\:0\:true\:false\:true\:false\:true
PC9.Signal=SDIO_D1
PD9.Locked=true
Dma.USART2_RX.5.Direction=DMA_PERIPH_TO_MEMORY
RCC.APB1Freq_Value=30000000
ProjectManager.DeviceId=STM32F207ZGTx
SH.S_TIM8_CH2.ConfNb=1
Dma.SPI2_RX.3.Direction=DMA_PERIPH_TO_MEMORY
ProjectManager.LibraryCopy=1
PA3.GPIO_Label=CDS0
Dma.SPI2_RX.3.FIFOMode=DMA_FIFOMODE_DISABLE
PA6.Locked=true
isbadioc=false
